
Microsoft Visual Studio Solution File, Format Version 12.00
# Visual Studio 15
VisualStudioVersion = 15.0.26430.14
MinimumVisualStudioVersion = 10.0.40219.1
Project("{E24C65DC-7377-472B-9ABA-BC803B73C61A}") = "GallowayTech", ".", "{7E850C0D-55D6-4CE8-A2C6-95E00FD4E28C}"
	ProjectSection(WebsiteProperties) = preProject
		TargetFrameworkMoniker = ".NETFramework,Version%3Dv4.5"
		Debug.AspNetCompiler.VirtualPath = "/localhost_17080"
		Debug.AspNetCompiler.PhysicalPath = "D:\Websites\Visual Studio 2012\GallowayTech\"
		Debug.AspNetCompiler.TargetPath = "PrecompiledWeb\localhost_17080\"
		Debug.AspNetCompiler.Updateable = "true"
		Debug.AspNetCompiler.ForceOverwrite = "true"
		Debug.AspNetCompiler.FixedNames = "false"
		Debug.AspNetCompiler.Debug = "True"
		Release.AspNetCompiler.VirtualPath = "/localhost_17080"
		Release.AspNetCompiler.PhysicalPath = "D:\Websites\Visual Studio 2012\GallowayTech\"
		Release.AspNetCompiler.TargetPath = "PrecompiledWeb\localhost_17080\"
		Release.AspNetCompiler.Updateable = "true"
		Release.AspNetCompiler.ForceOverwrite = "true"
		Release.AspNetCompiler.FixedNames = "false"
		Release.AspNetCompiler.Debug = "False"
		VWDPort = "17080"
	EndProjectSection
EndProject
Global
	GlobalSection(SolutionConfigurationPlatforms) = preSolution
		Debug|Any CPU = Debug|Any CPU
	EndGlobalSection
	GlobalSection(ProjectConfigurationPlatforms) = postSolution
		{7E850C0D-55D6-4CE8-A2C6-95E00FD4E28C}.Debug|Any CPU.ActiveCfg = Debug|Any CPU
		{7E850C0D-55D6-4CE8-A2C6-95E00FD4E28C}.Debug|Any CPU.Build.0 = Debug|Any CPU
	EndGlobalSection
	GlobalSection(SolutionProperties) = preSolution
		HideSolutionNode = FALSE
	EndGlobalSection
EndGlobal
